#MicroXplorer Configuration settings - do not modify
ADC1.Channel-1\#ChannelRegularConversion=ADC_CHANNEL_10
ADC1.ClockPrescaler=ADC_CLOCK_ASYNC_DIV4
ADC1.IPParameters=Rank-1\#ChannelRegularConversion,Channel-1\#ChannelRegularConversion,SamplingTime-1\#ChannelRegularConversion,OffsetNumber-1\#ChannelRegularConversion,OffsetSignedSaturation-1\#ChannelRegularConversion,NbrOfConversionFlag,master,ClockPrescaler
ADC1.NbrOfConversionFlag=1
ADC1.OffsetNumber-1\#ChannelRegularConversion=ADC_OFFSET_NONE
ADC1.OffsetSignedSaturation-1\#ChannelRegularConversion=DISABLE
ADC1.Rank-1\#ChannelRegularConversion=1
ADC1.SamplingTime-1\#ChannelRegularConversion=ADC_SAMPLETIME_1CYCLE_5
ADC1.master=1
ADC2.Channel-1\#ChannelRegularConversion=ADC_CHANNEL_3
ADC2.ClockPrescaler=ADC_CLOCK_ASYNC_DIV4
ADC2.IPParameters=Rank-1\#ChannelRegularConversion,Channel-1\#ChannelRegularConversion,SamplingTime-1\#ChannelRegularConversion,OffsetNumber-1\#ChannelRegularConversion,OffsetSignedSaturation-1\#ChannelRegularConversion,NbrOfConversionFlag,ClockPrescaler
ADC2.NbrOfConversionFlag=1
ADC2.OffsetNumber-1\#ChannelRegularConversion=ADC_OFFSET_NONE
ADC2.OffsetSignedSaturation-1\#ChannelRegularConversion=DISABLE
ADC2.Rank-1\#ChannelRegularConversion=1
ADC2.SamplingTime-1\#ChannelRegularConversion=ADC_SAMPLETIME_1CYCLE_5
CAD.formats=
CAD.pinconfig=
CAD.provider=
CORTEX_M7.IPParameters=default_mode_Activation
CORTEX_M7.default_mode_Activation=1
ETH.IPParameters=MediaInterface
ETH.MediaInterface=HAL_ETH_RMII_MODE
FDCAN1.CalculateBaudRateNominal=600000
FDCAN1.CalculateTimeBitNominal=1666
FDCAN1.CalculateTimeQuantumNominal=333.3333333333333
FDCAN1.IPParameters=CalculateTimeQuantumNominal,CalculateTimeBitNominal,CalculateBaudRateNominal
File.Version=6
GPIO.groupedBy=
I2C1.IPParameters=Timing
I2C1.Timing=0x00707CBB
KeepUserPlacement=false
Mcu.CPN=STM32H723VGT6
Mcu.Family=STM32H7
Mcu.IP0=ADC1
Mcu.IP1=ADC2
Mcu.IP10=SYS
Mcu.IP11=TIM1
Mcu.IP12=TIM4
Mcu.IP13=UART4
Mcu.IP2=CORTEX_M7
Mcu.IP3=DEBUG
Mcu.IP4=ETH
Mcu.IP5=FDCAN1
Mcu.IP6=I2C1
Mcu.IP7=NVIC
Mcu.IP8=RCC
Mcu.IP9=SDMMC1
Mcu.IPNb=14
Mcu.Name=STM32H723VGTx
Mcu.Package=LQFP100
Mcu.Pin0=PC0
Mcu.Pin1=PC1
Mcu.Pin10=PC4
Mcu.Pin11=PC5
Mcu.Pin12=PB0
Mcu.Pin13=PB1
Mcu.Pin14=PE7
Mcu.Pin15=PE9
Mcu.Pin16=PE11
Mcu.Pin17=PE13
Mcu.Pin18=PB11
Mcu.Pin19=PB12
Mcu.Pin2=PA0
Mcu.Pin20=PB13
Mcu.Pin21=PD12
Mcu.Pin22=PC8
Mcu.Pin23=PC9
Mcu.Pin24=PA11
Mcu.Pin25=PA12
Mcu.Pin26=PA13(JTMS/SWDIO)
Mcu.Pin27=PA14(JTCK/SWCLK)
Mcu.Pin28=PC10
Mcu.Pin29=PC11
Mcu.Pin3=PA1
Mcu.Pin30=PC12
Mcu.Pin31=PD0
Mcu.Pin32=PD1
Mcu.Pin33=PD2
Mcu.Pin34=PB6
Mcu.Pin35=PB7
Mcu.Pin36=PE0
Mcu.Pin37=PE1
Mcu.Pin38=VP_SYS_VS_Systick
Mcu.Pin4=PA2
Mcu.Pin5=PA3
Mcu.Pin6=PA4
Mcu.Pin7=PA5
Mcu.Pin8=PA6
Mcu.Pin9=PA7
Mcu.PinsNb=39
Mcu.ThirdPartyNb=0
Mcu.UserConstants=
Mcu.UserName=STM32H723VGTx
MxCube.Version=6.11.0
MxDb.Version=DB.6.0.110
NVIC.BusFault_IRQn=true\:0\:0\:false\:false\:true\:false\:false\:false
NVIC.DebugMonitor_IRQn=true\:0\:0\:false\:false\:true\:false\:false\:false
NVIC.ForceEnableDMAVector=true
NVIC.HardFault_IRQn=true\:0\:0\:false\:false\:true\:false\:false\:false
NVIC.MemoryManagement_IRQn=true\:0\:0\:false\:false\:true\:false\:false\:false
NVIC.NonMaskableInt_IRQn=true\:0\:0\:false\:false\:true\:false\:false\:false
NVIC.PendSV_IRQn=true\:0\:0\:false\:false\:true\:false\:false\:false
NVIC.PriorityGroup=NVIC_PRIORITYGROUP_4
NVIC.SVCall_IRQn=true\:0\:0\:false\:false\:true\:false\:false\:false
NVIC.SysTick_IRQn=true\:15\:0\:false\:false\:true\:false\:true\:false
NVIC.UsageFault_IRQn=true\:0\:0\:false\:false\:true\:false\:false\:false
PA0.GPIOParameters=GPIO_Label
PA0.GPIO_Label=ADC_BLDC_L2_VSENSE
PA0.Locked=true
PA0.Mode=IN16-Single-Ended
PA0.Signal=ADC1_INP16
PA1.Locked=true
PA1.Mode=RMII
PA1.Signal=ETH_REF_CLK
PA11.Locked=true
PA11.Mode=FDCAN_Activate
PA11.Signal=FDCAN1_RX
PA12.Locked=true
PA12.Mode=FDCAN_Activate
PA12.Signal=FDCAN1_TX
PA13(JTMS/SWDIO).Locked=true
PA13(JTMS/SWDIO).Mode=Serial_Wire
PA13(JTMS/SWDIO).Signal=DEBUG_JTMS-SWDIO
PA14(JTCK/SWCLK).Locked=true
PA14(JTCK/SWCLK).Mode=Serial_Wire
PA14(JTCK/SWCLK).Signal=DEBUG_JTCK-SWCLK
PA2.Locked=true
PA2.Mode=RMII
PA2.Signal=ETH_MDIO
PA3.GPIOParameters=GPIO_Label
PA3.GPIO_Label=ADC_BLDC_L3_VSENSE
PA3.Locked=true
PA3.Signal=ADCx_INP15
PA4.GPIOParameters=GPIO_Label
PA4.GPIO_Label=ADC_ESC_IN_VSENSE
PA4.Locked=true
PA4.Signal=ADCx_INP18
PA5.GPIOParameters=GPIO_Label
PA5.GPIO_Label=ADC_ESC_IN_ISENSE
PA5.Locked=true
PA5.Signal=SharedAnalog_PA5
PA6.GPIOParameters=GPIO_Label
PA6.GPIO_Label=ADC_ESC_TSENSE
PA6.Locked=true
PA6.Signal=ADCx_INP3
PA7.Locked=true
PA7.Mode=RMII
PA7.Signal=ETH_CRS_DV
PB0.GPIOParameters=GPIO_Label
PB0.GPIO_Label=ADC_BLDC_TSENSE
PB0.Locked=true
PB0.Signal=ADCx_INP9
PB1.GPIOParameters=GPIO_Label
PB1.GPIO_Label=ADC_BAT_TSENSE
PB1.Locked=true
PB1.Signal=ADCx_INP5
PB11.Locked=true
PB11.Mode=RMII
PB11.Signal=ETH_TX_EN
PB12.Locked=true
PB12.Mode=RMII
PB12.Signal=ETH_TXD0
PB13.Locked=true
PB13.Mode=RMII
PB13.Signal=ETH_TXD1
PB6.Locked=true
PB6.Mode=I2C
PB6.Signal=I2C1_SCL
PB7.Locked=true
PB7.Mode=I2C
PB7.Signal=I2C1_SDA
PC0.GPIOParameters=GPIO_Label
PC0.GPIO_Label=ADC_BLDC_L1_VSENSE
PC0.Locked=true
PC0.Signal=ADCx_INP10
PC1.Locked=true
PC1.Mode=RMII
PC1.Signal=ETH_MDC
PC10.Locked=true
PC10.Mode=SD_4_bits_Wide_bus
PC10.Signal=SDMMC1_D2
PC11.Locked=true
PC11.Mode=SD_4_bits_Wide_bus
PC11.Signal=SDMMC1_D3
PC12.Locked=true
PC12.Mode=SD_4_bits_Wide_bus
PC12.Signal=SDMMC1_CK
PC4.Locked=true
PC4.Mode=RMII
PC4.Signal=ETH_RXD0
PC5.Locked=true
PC5.Mode=RMII
PC5.Signal=ETH_RXD1
PC8.Locked=true
PC8.Mode=SD_4_bits_Wide_bus
PC8.Signal=SDMMC1_D0
PC9.Locked=true
PC9.Mode=SD_4_bits_Wide_bus
PC9.Signal=SDMMC1_D1
PD0.GPIOParameters=GPIO_Label
PD0.GPIO_Label=ESC_UART4_RX
PD0.Locked=true
PD0.Mode=Asynchronous
PD0.Signal=UART4_RX
PD1.GPIOParameters=GPIO_Label
PD1.GPIO_Label=ESC_UART4_TX
PD1.Locked=true
PD1.Mode=Asynchronous
PD1.Signal=UART4_TX
PD12.GPIOParameters=GPIO_Label
PD12.GPIO_Label=ESC_PWM
PD12.Locked=true
PD12.Signal=S_TIM4_CH1
PD2.Locked=true
PD2.Mode=SD_4_bits_Wide_bus
PD2.Signal=SDMMC1_CMD
PE0.GPIOParameters=GPIO_Label
PE0.GPIO_Label=ESC_PWR_RELAY_EN
PE0.Locked=true
PE0.Signal=GPIO_Output
PE1.GPIOParameters=GPIO_Label
PE1.GPIO_Label=nESTOP
PE1.Locked=true
PE1.Signal=GPIO_Output
PE11.GPIOParameters=GPIO_Label
PE11.GPIO_Label=LED_G_PWM
PE11.Locked=true
PE11.Signal=S_TIM1_CH2
PE13.GPIOParameters=GPIO_Label
PE13.GPIO_Label=LED_B_PWM
PE13.Locked=true
PE13.Signal=S_TIM1_CH3
PE7.GPIOParameters=GPIO_Label
PE7.GPIO_Label=nHW_FLT
PE7.Locked=true
PE7.Signal=GPXTI7
PE9.GPIOParameters=GPIO_Label
PE9.GPIO_Label=LED_R_PWM
PE9.Locked=true
PE9.Signal=S_TIM1_CH1
PinOutPanel.RotationAngle=0
ProjectManager.AskForMigrate=true
ProjectManager.BackupPrevious=false
ProjectManager.CompilerOptimize=6
ProjectManager.ComputerToolchain=false
ProjectManager.CoupleFile=false
ProjectManager.CustomerFirmwarePackage=
ProjectManager.DefaultFWLocation=true
ProjectManager.DeletePrevious=true
ProjectManager.DeviceId=STM32H723VGTx
ProjectManager.FirmwarePackage=STM32Cube FW_H7 V1.11.2
ProjectManager.FreePins=false
ProjectManager.HalAssertFull=false
ProjectManager.HeapSize=0x200
ProjectManager.KeepUserCode=true
ProjectManager.LastFirmware=true
ProjectManager.LibraryCopy=0
ProjectManager.MainLocation=Core/Src
ProjectManager.NoMain=false
ProjectManager.PreviousToolchain=
ProjectManager.ProjectBuild=false
ProjectManager.ProjectFileName=stm32h723vg.ioc
ProjectManager.ProjectName=stm32h723vg
ProjectManager.ProjectStructure=
ProjectManager.RegisterCallBack=
ProjectManager.StackSize=0x400
ProjectManager.TargetToolchain=EWARM V8.50
ProjectManager.ToolChainLocation=
ProjectManager.UAScriptAfterPath=
ProjectManager.UAScriptBeforePath=
ProjectManager.UnderRoot=false
ProjectManager.functionlistsort=
RCC.ADCFreq_Value=38400000
RCC.AHB12Freq_Value=64000000
RCC.AHB4Freq_Value=64000000
RCC.APB1Freq_Value=32000000
RCC.APB2Freq_Value=64000000
RCC.APB3Freq_Value=64000000
RCC.APB4Freq_Value=64000000
RCC.AXIClockFreq_Value=64000000
RCC.CECFreq_Value=32000
RCC.CKPERFreq_Value=64000000
RCC.CortexFreq_Value=64000000
RCC.CpuClockFreq_Value=64000000
RCC.D1CPREFreq_Value=64000000
RCC.D2PPRE1=RCC_APB1_DIV2
RCC.DFSDMACLkFreq_Value=48000000
RCC.DFSDMFreq_Value=64000000
RCC.DIVM1=4
RCC.DIVM2=4
RCC.DIVN1=12
RCC.DIVN2=12
RCC.DIVP1Freq_Value=96000000
RCC.DIVP2=5
RCC.DIVP2Freq_Value=38400000
RCC.DIVP3Freq_Value=129000000
RCC.DIVQ1=4
RCC.DIVQ1Freq_Value=48000000
RCC.DIVQ2Freq_Value=96000000
RCC.DIVQ3Freq_Value=129000000
RCC.DIVR1Freq_Value=96000000
RCC.DIVR2Freq_Value=96000000
RCC.DIVR3Freq_Value=129000000
RCC.FDCANFreq_Value=48000000
RCC.FMCFreq_Value=64000000
RCC.FamilyName=M
RCC.HCLK3ClockFreq_Value=64000000
RCC.HCLKFreq_Value=64000000
RCC.I2C123Freq_Value=32000000
RCC.I2C4Freq_Value=64000000
RCC.IPParameters=ADCFreq_Value,AHB12Freq_Value,AHB4Freq_Value,APB1Freq_Value,APB2Freq_Value,APB3Freq_Value,APB4Freq_Value,AXIClockFreq_Value,CECFreq_Value,CKPERFreq_Value,CortexFreq_Value,CpuClockFreq_Value,D1CPREFreq_Value,D2PPRE1,DFSDMACLkFreq_Value,DFSDMFreq_Value,DIVM1,DIVM2,DIVN1,DIVN2,DIVP1Freq_Value,DIVP2,DIVP2Freq_Value,DIVP3Freq_Value,DIVQ1,DIVQ1Freq_Value,DIVQ2Freq_Value,DIVQ3Freq_Value,DIVR1Freq_Value,DIVR2Freq_Value,DIVR3Freq_Value,FDCANFreq_Value,FMCFreq_Value,FamilyName,HCLK3ClockFreq_Value,HCLKFreq_Value,I2C123Freq_Value,I2C4Freq_Value,LPTIM1Freq_Value,LPTIM2Freq_Value,LPTIM345Freq_Value,LPUART1Freq_Value,LTDCFreq_Value,MCO1PinFreq_Value,MCO2PinFreq_Value,PLL2FRACN,PLL3FRACN,PLLFRACN,QSPIFreq_Value,RNGFreq_Value,RTCFreq_Value,SAI1Freq_Value,SAI4AFreq_Value,SAI4BFreq_Value,SDMMCFreq_Value,SPDIFRXFreq_Value,SPI123Freq_Value,SPI45Freq_Value,SPI6Freq_Value,SWPMI1Freq_Value,SYSCLKFreq_VALUE,Tim1OutputFreq_Value,Tim2OutputFreq_Value,TraceFreq_Value,USART16Freq_Value,USART234578Freq_Value,USBFreq_Value,VCO1OutputFreq_Value,VCO2OutputFreq_Value,VCO3OutputFreq_Value,VCOInput1Freq_Value,VCOInput2Freq_Value,VCOInput3Freq_Value
RCC.LPTIM1Freq_Value=32000000
RCC.LPTIM2Freq_Value=64000000
RCC.LPTIM345Freq_Value=64000000
RCC.LPUART1Freq_Value=64000000
RCC.LTDCFreq_Value=129000000
RCC.MCO1PinFreq_Value=64000000
RCC.MCO2PinFreq_Value=64000000
RCC.PLL2FRACN=0
RCC.PLL3FRACN=0
RCC.PLLFRACN=0
RCC.QSPIFreq_Value=64000000
RCC.RNGFreq_Value=48000000
RCC.RTCFreq_Value=32000
RCC.SAI1Freq_Value=48000000
RCC.SAI4AFreq_Value=48000000
RCC.SAI4BFreq_Value=48000000
RCC.SDMMCFreq_Value=48000000
RCC.SPDIFRXFreq_Value=48000000
RCC.SPI123Freq_Value=48000000
RCC.SPI45Freq_Value=64000000
RCC.SPI6Freq_Value=64000000
RCC.SWPMI1Freq_Value=32000000
RCC.SYSCLKFreq_VALUE=64000000
RCC.Tim1OutputFreq_Value=64000000
RCC.Tim2OutputFreq_Value=64000000
RCC.TraceFreq_Value=64000000
RCC.USART16Freq_Value=64000000
RCC.USART234578Freq_Value=32000000
RCC.USBFreq_Value=48000000
RCC.VCO1OutputFreq_Value=192000000
RCC.VCO2OutputFreq_Value=192000000
RCC.VCO3OutputFreq_Value=258000000
RCC.VCOInput1Freq_Value=16000000
RCC.VCOInput2Freq_Value=16000000
RCC.VCOInput3Freq_Value=2000000
SH.ADCx_INP10.0=ADC1_INP10,IN10-Single-Ended
SH.ADCx_INP10.1=ADC2_INP10,IN10-Single-Ended
SH.ADCx_INP10.ConfNb=2
SH.ADCx_INP15.0=ADC1_INP15,IN15-Single-Ended
SH.ADCx_INP15.ConfNb=1
SH.ADCx_INP18.0=ADC1_INP18,IN18-Single-Ended
SH.ADCx_INP18.ConfNb=1
SH.ADCx_INP3.0=ADC2_INP3,IN3-Single-Ended
SH.ADCx_INP3.ConfNb=1
SH.ADCx_INP5.0=ADC2_INP5,IN5-Single-Ended
SH.ADCx_INP5.ConfNb=1
SH.ADCx_INP9.0=ADC2_INP9,IN9-Single-Ended
SH.ADCx_INP9.ConfNb=1
SH.GPXTI7.0=GPIO_EXTI7
SH.GPXTI7.ConfNb=1
SH.S_TIM1_CH1.0=TIM1_CH1,PWM Generation1 CH1
SH.S_TIM1_CH1.ConfNb=1
SH.S_TIM1_CH2.0=TIM1_CH2,PWM Generation2 CH2
SH.S_TIM1_CH2.ConfNb=1
SH.S_TIM1_CH3.0=TIM1_CH3,PWM Generation3 CH3
SH.S_TIM1_CH3.ConfNb=1
SH.S_TIM4_CH1.0=TIM4_CH1,PWM Generation1 CH1
SH.S_TIM4_CH1.ConfNb=1
SH.SharedAnalog_PA5.0=ADC1_INN18
SH.SharedAnalog_PA5.1=ADC1_INP19,IN19-Single-Ended
SH.SharedAnalog_PA5.ConfNb=2
TIM1.Channel-PWM\ Generation1\ CH1=TIM_CHANNEL_1
TIM1.Channel-PWM\ Generation2\ CH2=TIM_CHANNEL_2
TIM1.Channel-PWM\ Generation3\ CH3=TIM_CHANNEL_3
TIM1.IPParameters=Channel-PWM Generation1 CH1,Channel-PWM Generation2 CH2,Channel-PWM Generation3 CH3
TIM4.Channel-PWM\ Generation1\ CH1=TIM_CHANNEL_1
TIM4.IPParameters=Channel-PWM Generation1 CH1
VP_SYS_VS_Systick.Mode=SysTick
VP_SYS_VS_Systick.Signal=SYS_VS_Systick
board=custom
